// !$*UTF8*$!
{
	archiveVersion = 1;
	classes = {
	};
	objectVersion = 56;
	objects = {

/* Begin PBXBuildFile section */
		0D067D922AA610690077BCDA /* PostMediaAppSwiftUIApp.swift in Sources */ = {isa = PBXBuildFile; fileRef = 0D067D912AA610690077BCDA /* PostMediaAppSwiftUIApp.swift */; };
		0D067D962AA6106B0077BCDA /* Assets.xcassets in Resources */ = {isa = PBXBuildFile; fileRef = 0D067D952AA6106B0077BCDA /* Assets.xcassets */; };
		0D067D992AA6106B0077BCDA /* Preview Assets.xcassets in Resources */ = {isa = PBXBuildFile; fileRef = 0D067D982AA6106B0077BCDA /* Preview Assets.xcassets */; };
		0D067DA82AA6121E0077BCDA /* PMUtilities.docc in Sources */ = {isa = PBXBuildFile; fileRef = 0D067DA72AA6121E0077BCDA /* PMUtilities.docc */; };
		0D067DA92AA6121E0077BCDA /* PMUtilities.h in Headers */ = {isa = PBXBuildFile; fileRef = 0D067DA62AA6121E0077BCDA /* PMUtilities.h */; settings = {ATTRIBUTES = (Public, ); }; };
		0D067DAC2AA6121E0077BCDA /* PMUtilities.framework in Frameworks */ = {isa = PBXBuildFile; fileRef = 0D067DA42AA6121E0077BCDA /* PMUtilities.framework */; };
		0D067DAD2AA6121E0077BCDA /* PMUtilities.framework in Embed Frameworks */ = {isa = PBXBuildFile; fileRef = 0D067DA42AA6121E0077BCDA /* PMUtilities.framework */; settings = {ATTRIBUTES = (CodeSignOnCopy, RemoveHeadersOnCopy, ); }; };
		0D067DB32AA612320077BCDA /* EndPoint.swift in Sources */ = {isa = PBXBuildFile; fileRef = 0D067DB22AA612320077BCDA /* EndPoint.swift */; };
		0D067DB52AA615150077BCDA /* AppConfiguration.swift in Sources */ = {isa = PBXBuildFile; fileRef = 0D067DB42AA615150077BCDA /* AppConfiguration.swift */; };
		0D316AFD2AB0520600C88966 /* PMModels.framework in Frameworks */ = {isa = PBXBuildFile; fileRef = 0DDE61512AAB775B00F90E58 /* PMModels.framework */; };
		0D316AFE2AB0520C00C88966 /* PMUtilities.framework in Frameworks */ = {isa = PBXBuildFile; fileRef = 0D067DA42AA6121E0077BCDA /* PMUtilities.framework */; };
		0D316B002AB0A2F900C88966 /* AppConstats.swift in Sources */ = {isa = PBXBuildFile; fileRef = 0D316AFF2AB0A2F900C88966 /* AppConstats.swift */; };
		0D316B022AB0DFAB00C88966 /* TwoButtonView.swift in Sources */ = {isa = PBXBuildFile; fileRef = 0D316B012AB0DFAB00C88966 /* TwoButtonView.swift */; };
		0D316B052AB1923D00C88966 /* ButtonTextModifier.swift in Sources */ = {isa = PBXBuildFile; fileRef = 0D316B042AB1923D00C88966 /* ButtonTextModifier.swift */; };
		0D316B072AB199EC00C88966 /* ButtonType.swift in Sources */ = {isa = PBXBuildFile; fileRef = 0D316B062AB199EC00C88966 /* ButtonType.swift */; };
		0D400DD72AA738A8001A30E9 /* GoogleService-Info.plist in Resources */ = {isa = PBXBuildFile; fileRef = 0D400DD62AA738A8001A30E9 /* GoogleService-Info.plist */; };
		0D400DDB2AA739D7001A30E9 /* FirebaseAnalytics in Frameworks */ = {isa = PBXBuildFile; productRef = 0D400DDA2AA739D7001A30E9 /* FirebaseAnalytics */; };
		0D400DDD2AA739D7001A30E9 /* FirebaseAnalyticsSwift in Frameworks */ = {isa = PBXBuildFile; productRef = 0D400DDC2AA739D7001A30E9 /* FirebaseAnalyticsSwift */; };
		0D400DDF2AA739D7001A30E9 /* FirebaseAnalyticsWithoutAdIdSupport in Frameworks */ = {isa = PBXBuildFile; productRef = 0D400DDE2AA739D7001A30E9 /* FirebaseAnalyticsWithoutAdIdSupport */; };
		0D400DE12AA739D7001A30E9 /* FirebaseAuth in Frameworks */ = {isa = PBXBuildFile; productRef = 0D400DE02AA739D7001A30E9 /* FirebaseAuth */; };
		0D400DE32AA739D7001A30E9 /* FirebaseAuthCombine-Community in Frameworks */ = {isa = PBXBuildFile; productRef = 0D400DE22AA739D7001A30E9 /* FirebaseAuthCombine-Community */; };
		0D400DE52AA739D7001A30E9 /* FirebaseCrashlytics in Frameworks */ = {isa = PBXBuildFile; productRef = 0D400DE42AA739D7001A30E9 /* FirebaseCrashlytics */; };
		0D400DE72AA73A19001A30E9 /* AppDelegate.swift in Sources */ = {isa = PBXBuildFile; fileRef = 0D400DE62AA73A19001A30E9 /* AppDelegate.swift */; };
		0D5A861E2AB442140052067E /* TextHeaderAndTextFieldView.swift in Sources */ = {isa = PBXBuildFile; fileRef = 0D5A861D2AB442140052067E /* TextHeaderAndTextFieldView.swift */; };
		0D5A86202AB442F10052067E /* TextFieldModel.swift in Sources */ = {isa = PBXBuildFile; fileRef = 0D5A861F2AB442F10052067E /* TextFieldModel.swift */; };
		0D5A86222AB444630052067E /* TextFielType.swift in Sources */ = {isa = PBXBuildFile; fileRef = 0D5A86212AB444630052067E /* TextFielType.swift */; };
		0D5A86242AB444980052067E /* MontserratFontType.swift in Sources */ = {isa = PBXBuildFile; fileRef = 0D5A86232AB444980052067E /* MontserratFontType.swift */; };
		0D5A86262AB444B40052067E /* ColorType.swift in Sources */ = {isa = PBXBuildFile; fileRef = 0D5A86252AB444B40052067E /* ColorType.swift */; };
		0D5A86312AB468770052067E /* Font+Extension.swift in Sources */ = {isa = PBXBuildFile; fileRef = 0D5A86302AB468770052067E /* Font+Extension.swift */; };
		0D5A86332AB48EFA0052067E /* LoginVM.swift in Sources */ = {isa = PBXBuildFile; fileRef = 0D5A86322AB48EFA0052067E /* LoginVM.swift */; };
		0D5A86352AB48FAD0052067E /* LoginUIModel.swift in Sources */ = {isa = PBXBuildFile; fileRef = 0D5A86342AB48FAD0052067E /* LoginUIModel.swift */; };
		0D5A86372AB492700052067E /* TwoButtonModel.swift in Sources */ = {isa = PBXBuildFile; fileRef = 0D5A86362AB492700052067E /* TwoButtonModel.swift */; };
		0D5A86392AB493F60052067E /* AttributedText.swift in Sources */ = {isa = PBXBuildFile; fileRef = 0D5A86382AB493F60052067E /* AttributedText.swift */; };
		0D63EFD42ABB506200FD5C39 /* Image+Extension.swift in Sources */ = {isa = PBXBuildFile; fileRef = 0D63EFD32ABB506200FD5C39 /* Image+Extension.swift */; };
		0D63EFD62ABB513D00FD5C39 /* Color+Extension.swift in Sources */ = {isa = PBXBuildFile; fileRef = 0D63EFD52ABB513D00FD5C39 /* Color+Extension.swift */; };
		0D7458C22AAF175C00FB95DF /* Extension+View.swift in Sources */ = {isa = PBXBuildFile; fileRef = 0D7458C12AAF175C00FB95DF /* Extension+View.swift */; };
		0D7458C72AB03DCC00FB95DF /* ImageNameType.swift in Sources */ = {isa = PBXBuildFile; fileRef = 0D7458C62AB03DCC00FB95DF /* ImageNameType.swift */; };
		0D7458C92AB03E3E00FB95DF /* PMUtilities.framework in Frameworks */ = {isa = PBXBuildFile; fileRef = 0D067DA42AA6121E0077BCDA /* PMUtilities.framework */; };
		0D7458CC2AB0401C00FB95DF /* OnboardingVM.swift in Sources */ = {isa = PBXBuildFile; fileRef = 0D7458CB2AB0400A00FB95DF /* OnboardingVM.swift */; };
		0D7858162ABCB14E00F78227 /* ButtonView.swift in Sources */ = {isa = PBXBuildFile; fileRef = 0D7858152ABCB14E00F78227 /* ButtonView.swift */; };
		0DDE614B2AAB67B800F90E58 /* UserDefaultsKeys.swift in Sources */ = {isa = PBXBuildFile; fileRef = 0DDE614A2AAB67B800F90E58 /* UserDefaultsKeys.swift */; };
		0DDE61552AAB775C00F90E58 /* PMModels.docc in Sources */ = {isa = PBXBuildFile; fileRef = 0DDE61542AAB775C00F90E58 /* PMModels.docc */; };
		0DDE61562AAB775C00F90E58 /* PMModels.h in Headers */ = {isa = PBXBuildFile; fileRef = 0DDE61532AAB775C00F90E58 /* PMModels.h */; settings = {ATTRIBUTES = (Public, ); }; };
		0DDE61592AAB775C00F90E58 /* PMModels.framework in Frameworks */ = {isa = PBXBuildFile; fileRef = 0DDE61512AAB775B00F90E58 /* PMModels.framework */; };
		0DDE615A2AAB775C00F90E58 /* PMModels.framework in Embed Frameworks */ = {isa = PBXBuildFile; fileRef = 0DDE61512AAB775B00F90E58 /* PMModels.framework */; settings = {ATTRIBUTES = (CodeSignOnCopy, RemoveHeadersOnCopy, ); }; };
		0DDE61672AAB776D00F90E58 /* PMViewModels.docc in Sources */ = {isa = PBXBuildFile; fileRef = 0DDE61662AAB776D00F90E58 /* PMViewModels.docc */; };
		0DDE61682AAB776D00F90E58 /* PMViewModels.h in Headers */ = {isa = PBXBuildFile; fileRef = 0DDE61652AAB776D00F90E58 /* PMViewModels.h */; settings = {ATTRIBUTES = (Public, ); }; };
		0DDE616B2AAB776D00F90E58 /* PMViewModels.framework in Frameworks */ = {isa = PBXBuildFile; fileRef = 0DDE61632AAB776D00F90E58 /* PMViewModels.framework */; };
		0DDE616C2AAB776D00F90E58 /* PMViewModels.framework in Embed Frameworks */ = {isa = PBXBuildFile; fileRef = 0DDE61632AAB776D00F90E58 /* PMViewModels.framework */; settings = {ATTRIBUTES = (CodeSignOnCopy, RemoveHeadersOnCopy, ); }; };
		0DDE61702AAB778300F90E58 /* OnboardingModel.swift in Sources */ = {isa = PBXBuildFile; fileRef = 0DE472EF2AAA2C3F009E0E0C /* OnboardingModel.swift */; };
		0DE472D72AA77675009E0E0C /* NavigationTranisitionStyle.swift in Sources */ = {isa = PBXBuildFile; fileRef = 0DE472D62AA77675009E0E0C /* NavigationTranisitionStyle.swift */; };
		0DE472D92AA776F0009E0E0C /* MapRouter.swift in Sources */ = {isa = PBXBuildFile; fileRef = 0DE472D82AA776F0009E0E0C /* MapRouter.swift */; };
		0DE472DB2AA77752009E0E0C /* NavigationRouterProtocol.swift in Sources */ = {isa = PBXBuildFile; fileRef = 0DE472DA2AA77752009E0E0C /* NavigationRouterProtocol.swift */; };
		0DE472DD2AA77840009E0E0C /* OnboardingView.swift in Sources */ = {isa = PBXBuildFile; fileRef = 0DE472DC2AA77840009E0E0C /* OnboardingView.swift */; };
		0DE472DF2AA7786E009E0E0C /* LoginView.swift in Sources */ = {isa = PBXBuildFile; fileRef = 0DE472DE2AA7786E009E0E0C /* LoginView.swift */; };
		0DE472E12AA77891009E0E0C /* RegisterView.swift in Sources */ = {isa = PBXBuildFile; fileRef = 0DE472E02AA77891009E0E0C /* RegisterView.swift */; };
		0DE472E32AA778E1009E0E0C /* MainView.swift in Sources */ = {isa = PBXBuildFile; fileRef = 0DE472E22AA778E1009E0E0C /* MainView.swift */; };
		0DE472E72AA779B3009E0E0C /* Coordinator.swift in Sources */ = {isa = PBXBuildFile; fileRef = 0DE472E62AA779B3009E0E0C /* Coordinator.swift */; };
		0DE472E92AA77A73009E0E0C /* SceneDelegate.swift in Sources */ = {isa = PBXBuildFile; fileRef = 0DE472E82AA77A73009E0E0C /* SceneDelegate.swift */; };
		0DE472F42AAA2E21009E0E0C /* OnboardingItemView.swift in Sources */ = {isa = PBXBuildFile; fileRef = 0DE472F32AAA2E21009E0E0C /* OnboardingItemView.swift */; };
		0DFA141D2ABD9B180007302C /* HorizontalTextAndButtonView.swift in Sources */ = {isa = PBXBuildFile; fileRef = 0DFA141C2ABD9B180007302C /* HorizontalTextAndButtonView.swift */; };
/* End PBXBuildFile section */

/* Begin PBXContainerItemProxy section */
		0D067DAA2AA6121E0077BCDA /* PBXContainerItemProxy */ = {
			isa = PBXContainerItemProxy;
			containerPortal = 0D067D862AA610690077BCDA /* Project object */;
			proxyType = 1;
			remoteGlobalIDString = 0D067DA32AA6121E0077BCDA;
			remoteInfo = PMUtilities;
		};
		0DDE61572AAB775C00F90E58 /* PBXContainerItemProxy */ = {
			isa = PBXContainerItemProxy;
			containerPortal = 0D067D862AA610690077BCDA /* Project object */;
			proxyType = 1;
			remoteGlobalIDString = 0DDE61502AAB775B00F90E58;
			remoteInfo = PMModels;
		};
		0DDE61692AAB776D00F90E58 /* PBXContainerItemProxy */ = {
			isa = PBXContainerItemProxy;
			containerPortal = 0D067D862AA610690077BCDA /* Project object */;
			proxyType = 1;
			remoteGlobalIDString = 0DDE61622AAB776D00F90E58;
			remoteInfo = PMViewModels;
		};
/* End PBXContainerItemProxy section */

/* Begin PBXCopyFilesBuildPhase section */
		0D067DB12AA6121E0077BCDA /* Embed Frameworks */ = {
			isa = PBXCopyFilesBuildPhase;
			buildActionMask = 2147483647;
			dstPath = "";
			dstSubfolderSpec = 10;
			files = (
				0DDE616C2AAB776D00F90E58 /* PMViewModels.framework in Embed Frameworks */,
				0D067DAD2AA6121E0077BCDA /* PMUtilities.framework in Embed Frameworks */,
				0DDE615A2AAB775C00F90E58 /* PMModels.framework in Embed Frameworks */,
			);
			name = "Embed Frameworks";
			runOnlyForDeploymentPostprocessing = 0;
		};
/* End PBXCopyFilesBuildPhase section */

/* Begin PBXFileReference section */
		0D067D8E2AA610690077BCDA /* PostMediaAppSwiftUI.app */ = {isa = PBXFileReference; explicitFileType = wrapper.application; includeInIndex = 0; path = PostMediaAppSwiftUI.app; sourceTree = BUILT_PRODUCTS_DIR; };
		0D067D912AA610690077BCDA /* PostMediaAppSwiftUIApp.swift */ = {isa = PBXFileReference; lastKnownFileType = sourcecode.swift; path = PostMediaAppSwiftUIApp.swift; sourceTree = "<group>"; };
		0D067D952AA6106B0077BCDA /* Assets.xcassets */ = {isa = PBXFileReference; lastKnownFileType = folder.assetcatalog; path = Assets.xcassets; sourceTree = "<group>"; };
		0D067D982AA6106B0077BCDA /* Preview Assets.xcassets */ = {isa = PBXFileReference; lastKnownFileType = folder.assetcatalog; path = "Preview Assets.xcassets"; sourceTree = "<group>"; };
		0D067DA42AA6121E0077BCDA /* PMUtilities.framework */ = {isa = PBXFileReference; explicitFileType = wrapper.framework; includeInIndex = 0; path = PMUtilities.framework; sourceTree = BUILT_PRODUCTS_DIR; };
		0D067DA62AA6121E0077BCDA /* PMUtilities.h */ = {isa = PBXFileReference; lastKnownFileType = sourcecode.c.h; path = PMUtilities.h; sourceTree = "<group>"; };
		0D067DA72AA6121E0077BCDA /* PMUtilities.docc */ = {isa = PBXFileReference; lastKnownFileType = folder.documentationcatalog; path = PMUtilities.docc; sourceTree = "<group>"; };
		0D067DB22AA612320077BCDA /* EndPoint.swift */ = {isa = PBXFileReference; lastKnownFileType = sourcecode.swift; path = EndPoint.swift; sourceTree = "<group>"; };
		0D067DB42AA615150077BCDA /* AppConfiguration.swift */ = {isa = PBXFileReference; lastKnownFileType = sourcecode.swift; path = AppConfiguration.swift; sourceTree = "<group>"; };
		0D316AFF2AB0A2F900C88966 /* AppConstats.swift */ = {isa = PBXFileReference; lastKnownFileType = sourcecode.swift; path = AppConstats.swift; sourceTree = "<group>"; };
		0D316B012AB0DFAB00C88966 /* TwoButtonView.swift */ = {isa = PBXFileReference; lastKnownFileType = sourcecode.swift; path = TwoButtonView.swift; sourceTree = "<group>"; };
		0D316B042AB1923D00C88966 /* ButtonTextModifier.swift */ = {isa = PBXFileReference; lastKnownFileType = sourcecode.swift; path = ButtonTextModifier.swift; sourceTree = "<group>"; };
		0D316B062AB199EC00C88966 /* ButtonType.swift */ = {isa = PBXFileReference; lastKnownFileType = sourcecode.swift; path = ButtonType.swift; sourceTree = "<group>"; };
		0D400DD62AA738A8001A30E9 /* GoogleService-Info.plist */ = {isa = PBXFileReference; fileEncoding = 4; lastKnownFileType = text.plist.xml; path = "GoogleService-Info.plist"; sourceTree = "<group>"; };
		0D400DE62AA73A19001A30E9 /* AppDelegate.swift */ = {isa = PBXFileReference; lastKnownFileType = sourcecode.swift; path = AppDelegate.swift; sourceTree = "<group>"; };
		0D5A861D2AB442140052067E /* TextHeaderAndTextFieldView.swift */ = {isa = PBXFileReference; lastKnownFileType = sourcecode.swift; path = TextHeaderAndTextFieldView.swift; sourceTree = "<group>"; };
		0D5A861F2AB442F10052067E /* TextFieldModel.swift */ = {isa = PBXFileReference; lastKnownFileType = sourcecode.swift; path = TextFieldModel.swift; sourceTree = "<group>"; };
		0D5A86212AB444630052067E /* TextFielType.swift */ = {isa = PBXFileReference; lastKnownFileType = sourcecode.swift; path = TextFielType.swift; sourceTree = "<group>"; };
		0D5A86232AB444980052067E /* MontserratFontType.swift */ = {isa = PBXFileReference; lastKnownFileType = sourcecode.swift; path = MontserratFontType.swift; sourceTree = "<group>"; };
		0D5A86252AB444B40052067E /* ColorType.swift */ = {isa = PBXFileReference; lastKnownFileType = sourcecode.swift; path = ColorType.swift; sourceTree = "<group>"; };
		0D5A86292AB465C10052067E /* MontserratAlternates-Medium.ttf */ = {isa = PBXFileReference; lastKnownFileType = file; path = "MontserratAlternates-Medium.ttf"; sourceTree = "<group>"; };
		0D5A862A2AB465C10052067E /* MontserratAlternates-Black.ttf */ = {isa = PBXFileReference; lastKnownFileType = file; path = "MontserratAlternates-Black.ttf"; sourceTree = "<group>"; };
		0D5A862B2AB465C10052067E /* MontserratAlternates-Bold.ttf */ = {isa = PBXFileReference; lastKnownFileType = file; path = "MontserratAlternates-Bold.ttf"; sourceTree = "<group>"; };
		0D5A862C2AB465C10052067E /* MontserratAlternates-ExtraBold.ttf */ = {isa = PBXFileReference; lastKnownFileType = file; path = "MontserratAlternates-ExtraBold.ttf"; sourceTree = "<group>"; };
		0D5A862D2AB465C20052067E /* MontserratAlternates-Regular.ttf */ = {isa = PBXFileReference; lastKnownFileType = file; path = "MontserratAlternates-Regular.ttf"; sourceTree = "<group>"; };
		0D5A862E2AB465C20052067E /* MontserratAlternates-SemiBold.ttf */ = {isa = PBXFileReference; lastKnownFileType = file; path = "MontserratAlternates-SemiBold.ttf"; sourceTree = "<group>"; };
		0D5A862F2AB467B90052067E /* Info.plist */ = {isa = PBXFileReference; lastKnownFileType = text.plist; path = Info.plist; sourceTree = "<group>"; };
		0D5A86302AB468770052067E /* Font+Extension.swift */ = {isa = PBXFileReference; lastKnownFileType = sourcecode.swift; path = "Font+Extension.swift"; sourceTree = "<group>"; };
		0D5A86322AB48EFA0052067E /* LoginVM.swift */ = {isa = PBXFileReference; lastKnownFileType = sourcecode.swift; path = LoginVM.swift; sourceTree = "<group>"; };
		0D5A86342AB48FAD0052067E /* LoginUIModel.swift */ = {isa = PBXFileReference; lastKnownFileType = sourcecode.swift; path = LoginUIModel.swift; sourceTree = "<group>"; };
		0D5A86362AB492700052067E /* TwoButtonModel.swift */ = {isa = PBXFileReference; lastKnownFileType = sourcecode.swift; path = TwoButtonModel.swift; sourceTree = "<group>"; };
		0D5A86382AB493F60052067E /* AttributedText.swift */ = {isa = PBXFileReference; lastKnownFileType = sourcecode.swift; path = AttributedText.swift; sourceTree = "<group>"; };
		0D63EFD32ABB506200FD5C39 /* Image+Extension.swift */ = {isa = PBXFileReference; lastKnownFileType = sourcecode.swift; path = "Image+Extension.swift"; sourceTree = "<group>"; };
		0D63EFD52ABB513D00FD5C39 /* Color+Extension.swift */ = {isa = PBXFileReference; lastKnownFileType = sourcecode.swift; path = "Color+Extension.swift"; sourceTree = "<group>"; };
		0D7458C12AAF175C00FB95DF /* Extension+View.swift */ = {isa = PBXFileReference; lastKnownFileType = sourcecode.swift; path = "Extension+View.swift"; sourceTree = "<group>"; };
		0D7458C62AB03DCC00FB95DF /* ImageNameType.swift */ = {isa = PBXFileReference; lastKnownFileType = sourcecode.swift; path = ImageNameType.swift; sourceTree = "<group>"; };
		0D7458CB2AB0400A00FB95DF /* OnboardingVM.swift */ = {isa = PBXFileReference; lastKnownFileType = sourcecode.swift; path = OnboardingVM.swift; sourceTree = "<group>"; };
		0D7858152ABCB14E00F78227 /* ButtonView.swift */ = {isa = PBXFileReference; lastKnownFileType = sourcecode.swift; path = ButtonView.swift; sourceTree = "<group>"; };
		0DDE614A2AAB67B800F90E58 /* UserDefaultsKeys.swift */ = {isa = PBXFileReference; lastKnownFileType = sourcecode.swift; path = UserDefaultsKeys.swift; sourceTree = "<group>"; };
		0DDE61512AAB775B00F90E58 /* PMModels.framework */ = {isa = PBXFileReference; explicitFileType = wrapper.framework; includeInIndex = 0; path = PMModels.framework; sourceTree = BUILT_PRODUCTS_DIR; };
		0DDE61532AAB775C00F90E58 /* PMModels.h */ = {isa = PBXFileReference; lastKnownFileType = sourcecode.c.h; path = PMModels.h; sourceTree = "<group>"; };
		0DDE61542AAB775C00F90E58 /* PMModels.docc */ = {isa = PBXFileReference; lastKnownFileType = folder.documentationcatalog; path = PMModels.docc; sourceTree = "<group>"; };
		0DDE61632AAB776D00F90E58 /* PMViewModels.framework */ = {isa = PBXFileReference; explicitFileType = wrapper.framework; includeInIndex = 0; path = PMViewModels.framework; sourceTree = BUILT_PRODUCTS_DIR; };
		0DDE61652AAB776D00F90E58 /* PMViewModels.h */ = {isa = PBXFileReference; lastKnownFileType = sourcecode.c.h; path = PMViewModels.h; sourceTree = "<group>"; };
		0DDE61662AAB776D00F90E58 /* PMViewModels.docc */ = {isa = PBXFileReference; lastKnownFileType = folder.documentationcatalog; path = PMViewModels.docc; sourceTree = "<group>"; };
		0DE472D62AA77675009E0E0C /* NavigationTranisitionStyle.swift */ = {isa = PBXFileReference; lastKnownFileType = sourcecode.swift; path = NavigationTranisitionStyle.swift; sourceTree = "<group>"; };
		0DE472D82AA776F0009E0E0C /* MapRouter.swift */ = {isa = PBXFileReference; lastKnownFileType = sourcecode.swift; path = MapRouter.swift; sourceTree = "<group>"; };
		0DE472DA2AA77752009E0E0C /* NavigationRouterProtocol.swift */ = {isa = PBXFileReference; lastKnownFileType = sourcecode.swift; path = NavigationRouterProtocol.swift; sourceTree = "<group>"; };
		0DE472DC2AA77840009E0E0C /* OnboardingView.swift */ = {isa = PBXFileReference; lastKnownFileType = sourcecode.swift; path = OnboardingView.swift; sourceTree = "<group>"; };
		0DE472DE2AA7786E009E0E0C /* LoginView.swift */ = {isa = PBXFileReference; lastKnownFileType = sourcecode.swift; path = LoginView.swift; sourceTree = "<group>"; };
		0DE472E02AA77891009E0E0C /* RegisterView.swift */ = {isa = PBXFileReference; lastKnownFileType = sourcecode.swift; path = RegisterView.swift; sourceTree = "<group>"; };
		0DE472E22AA778E1009E0E0C /* MainView.swift */ = {isa = PBXFileReference; lastKnownFileType = sourcecode.swift; path = MainView.swift; sourceTree = "<group>"; };
		0DE472E62AA779B3009E0E0C /* Coordinator.swift */ = {isa = PBXFileReference; lastKnownFileType = sourcecode.swift; path = Coordinator.swift; sourceTree = "<group>"; };
		0DE472E82AA77A73009E0E0C /* SceneDelegate.swift */ = {isa = PBXFileReference; lastKnownFileType = sourcecode.swift; path = SceneDelegate.swift; sourceTree = "<group>"; };
		0DE472EF2AAA2C3F009E0E0C /* OnboardingModel.swift */ = {isa = PBXFileReference; lastKnownFileType = sourcecode.swift; path = OnboardingModel.swift; sourceTree = "<group>"; };
		0DE472F32AAA2E21009E0E0C /* OnboardingItemView.swift */ = {isa = PBXFileReference; lastKnownFileType = sourcecode.swift; path = OnboardingItemView.swift; sourceTree = "<group>"; };
		0DFA141C2ABD9B180007302C /* HorizontalTextAndButtonView.swift */ = {isa = PBXFileReference; lastKnownFileType = sourcecode.swift; path = HorizontalTextAndButtonView.swift; sourceTree = "<group>"; };
/* End PBXFileReference section */

/* Begin PBXFrameworksBuildPhase section */
		0D067D8B2AA610690077BCDA /* Frameworks */ = {
			isa = PBXFrameworksBuildPhase;
			buildActionMask = 2147483647;
			files = (
				0D400DDD2AA739D7001A30E9 /* FirebaseAnalyticsSwift in Frameworks */,
				0D400DE32AA739D7001A30E9 /* FirebaseAuthCombine-Community in Frameworks */,
				0D400DE12AA739D7001A30E9 /* FirebaseAuth in Frameworks */,
				0DDE616B2AAB776D00F90E58 /* PMViewModels.framework in Frameworks */,
				0D400DE52AA739D7001A30E9 /* FirebaseCrashlytics in Frameworks */,
				0D400DDB2AA739D7001A30E9 /* FirebaseAnalytics in Frameworks */,
				0D067DAC2AA6121E0077BCDA /* PMUtilities.framework in Frameworks */,
				0D400DDF2AA739D7001A30E9 /* FirebaseAnalyticsWithoutAdIdSupport in Frameworks */,
				0DDE61592AAB775C00F90E58 /* PMModels.framework in Frameworks */,
			);
			runOnlyForDeploymentPostprocessing = 0;
		};
		0D067DA12AA6121E0077BCDA /* Frameworks */ = {
			isa = PBXFrameworksBuildPhase;
			buildActionMask = 2147483647;
			files = (
			);
			runOnlyForDeploymentPostprocessing = 0;
		};
		0DDE614E2AAB775B00F90E58 /* Frameworks */ = {
			isa = PBXFrameworksBuildPhase;
			buildActionMask = 2147483647;
			files = (
				0D7458C92AB03E3E00FB95DF /* PMUtilities.framework in Frameworks */,
			);
			runOnlyForDeploymentPostprocessing = 0;
		};
		0DDE61602AAB776D00F90E58 /* Frameworks */ = {
			isa = PBXFrameworksBuildPhase;
			buildActionMask = 2147483647;
			files = (
				0D316AFE2AB0520C00C88966 /* PMUtilities.framework in Frameworks */,
				0D316AFD2AB0520600C88966 /* PMModels.framework in Frameworks */,
			);
			runOnlyForDeploymentPostprocessing = 0;
		};
/* End PBXFrameworksBuildPhase section */

/* Begin PBXGroup section */
		0D067D852AA610690077BCDA = {
			isa = PBXGroup;
			children = (
				0D067D902AA610690077BCDA /* PostMediaAppSwiftUI */,
				0D067DA52AA6121E0077BCDA /* PMUtilities */,
				0DDE61522AAB775C00F90E58 /* PMModels */,
				0DDE61642AAB776D00F90E58 /* PMViewModels */,
				0D067D8F2AA610690077BCDA /* Products */,
				0D7458C82AB03E3E00FB95DF /* Frameworks */,
			);
			sourceTree = "<group>";
		};
		0D067D8F2AA610690077BCDA /* Products */ = {
			isa = PBXGroup;
			children = (
				0D067D8E2AA610690077BCDA /* PostMediaAppSwiftUI.app */,
				0D067DA42AA6121E0077BCDA /* PMUtilities.framework */,
				0DDE61512AAB775B00F90E58 /* PMModels.framework */,
				0DDE61632AAB776D00F90E58 /* PMViewModels.framework */,
			);
			name = Products;
			sourceTree = "<group>";
		};
		0D067D902AA610690077BCDA /* PostMediaAppSwiftUI */ = {
			isa = PBXGroup;
			children = (
				0D5A862F2AB467B90052067E /* Info.plist */,
				0D5A86272AB465230052067E /* Helpers */,
				0D067D912AA610690077BCDA /* PostMediaAppSwiftUIApp.swift */,
				0D400DE62AA73A19001A30E9 /* AppDelegate.swift */,
				0DE472E82AA77A73009E0E0C /* SceneDelegate.swift */,
				0DE472D52AA77640009E0E0C /* Views */,
				0DE472D42AA77630009E0E0C /* Screens */,
				0DE472D32AA7761F009E0E0C /* Coordinator */,
				0D400DD82AA738B0001A30E9 /* SuportingFiles */,
				0D067D972AA6106B0077BCDA /* Preview Content */,
			);
			path = PostMediaAppSwiftUI;
			sourceTree = "<group>";
		};
		0D067D972AA6106B0077BCDA /* Preview Content */ = {
			isa = PBXGroup;
			children = (
				0D067D982AA6106B0077BCDA /* Preview Assets.xcassets */,
			);
			path = "Preview Content";
			sourceTree = "<group>";
		};
		0D067DA52AA6121E0077BCDA /* PMUtilities */ = {
			isa = PBXGroup;
			children = (
				0D067DA62AA6121E0077BCDA /* PMUtilities.h */,
				0D067DA72AA6121E0077BCDA /* PMUtilities.docc */,
				0D067DB22AA612320077BCDA /* EndPoint.swift */,
				0D067DB42AA615150077BCDA /* AppConfiguration.swift */,
				0DE472D62AA77675009E0E0C /* NavigationTranisitionStyle.swift */,
				0DDE614A2AAB67B800F90E58 /* UserDefaultsKeys.swift */,
				0D7458C62AB03DCC00FB95DF /* ImageNameType.swift */,
				0D316AFF2AB0A2F900C88966 /* AppConstats.swift */,
				0D316B062AB199EC00C88966 /* ButtonType.swift */,
				0D5A86212AB444630052067E /* TextFielType.swift */,
				0D5A86232AB444980052067E /* MontserratFontType.swift */,
				0D5A86252AB444B40052067E /* ColorType.swift */,
				0D5A86382AB493F60052067E /* AttributedText.swift */,
			);
			path = PMUtilities;
			sourceTree = "<group>";
		};
		0D316B032AB1920A00C88966 /* Modifiers */ = {
			isa = PBXGroup;
			children = (
				0D316B042AB1923D00C88966 /* ButtonTextModifier.swift */,
			);
			path = Modifiers;
			sourceTree = "<group>";
		};
		0D400DD82AA738B0001A30E9 /* SuportingFiles */ = {
			isa = PBXGroup;
			children = (
				0D400DD62AA738A8001A30E9 /* GoogleService-Info.plist */,
				0D067D952AA6106B0077BCDA /* Assets.xcassets */,
			);
			path = SuportingFiles;
			sourceTree = "<group>";
		};
		0D5A86272AB465230052067E /* Helpers */ = {
			isa = PBXGroup;
			children = (
				0D5A86282AB465460052067E /* Fonts */,
				0D7458C32AAF176100FB95DF /* Extensions */,
				0D316B032AB1920A00C88966 /* Modifiers */,
			);
			path = Helpers;
			sourceTree = "<group>";
		};
		0D5A86282AB465460052067E /* Fonts */ = {
			isa = PBXGroup;
			children = (
				0D5A862A2AB465C10052067E /* MontserratAlternates-Black.ttf */,
				0D5A862B2AB465C10052067E /* MontserratAlternates-Bold.ttf */,
				0D5A862C2AB465C10052067E /* MontserratAlternates-ExtraBold.ttf */,
				0D5A86292AB465C10052067E /* MontserratAlternates-Medium.ttf */,
				0D5A862D2AB465C20052067E /* MontserratAlternates-Regular.ttf */,
				0D5A862E2AB465C20052067E /* MontserratAlternates-SemiBold.ttf */,
			);
			path = Fonts;
			sourceTree = "<group>";
		};
		0D5A863A2AB49E930052067E /* Login */ = {
			isa = PBXGroup;
			children = (
				0DE472DE2AA7786E009E0E0C /* LoginView.swift */,
			);
			path = Login;
			sourceTree = "<group>";
		};
		0D7458C32AAF176100FB95DF /* Extensions */ = {
			isa = PBXGroup;
			children = (
				0D7458C52AAF177E00FB95DF /* UIKit */,
				0D7458C42AAF176C00FB95DF /* SwiftUI */,
			);
			path = Extensions;
			sourceTree = "<group>";
		};
		0D7458C42AAF176C00FB95DF /* SwiftUI */ = {
			isa = PBXGroup;
			children = (
				0D7458C12AAF175C00FB95DF /* Extension+View.swift */,
				0D5A86302AB468770052067E /* Font+Extension.swift */,
				0D63EFD32ABB506200FD5C39 /* Image+Extension.swift */,
				0D63EFD52ABB513D00FD5C39 /* Color+Extension.swift */,
			);
			path = SwiftUI;
			sourceTree = "<group>";
		};
		0D7458C52AAF177E00FB95DF /* UIKit */ = {
			isa = PBXGroup;
			children = (
			);
			path = UIKit;
			sourceTree = "<group>";
		};
		0D7458C82AB03E3E00FB95DF /* Frameworks */ = {
			isa = PBXGroup;
			children = (
			);
			name = Frameworks;
			sourceTree = "<group>";
		};
		0D7458CA2AB0400A00FB95DF /* ViewModels */ = {
			isa = PBXGroup;
			children = (
				0D7458CB2AB0400A00FB95DF /* OnboardingVM.swift */,
				0D5A86322AB48EFA0052067E /* LoginVM.swift */,
			);
			path = ViewModels;
			sourceTree = "<group>";
		};
		0DDE61522AAB775C00F90E58 /* PMModels */ = {
			isa = PBXGroup;
			children = (
				0DE472EB2AAA2C04009E0E0C /* Models */,
				0DDE61532AAB775C00F90E58 /* PMModels.h */,
				0DDE61542AAB775C00F90E58 /* PMModels.docc */,
			);
			path = PMModels;
			sourceTree = "<group>";
		};
		0DDE61642AAB776D00F90E58 /* PMViewModels */ = {
			isa = PBXGroup;
			children = (
				0DDE61652AAB776D00F90E58 /* PMViewModels.h */,
				0DDE61662AAB776D00F90E58 /* PMViewModels.docc */,
				0D7458CA2AB0400A00FB95DF /* ViewModels */,
			);
			path = PMViewModels;
			sourceTree = "<group>";
		};
		0DE472D32AA7761F009E0E0C /* Coordinator */ = {
			isa = PBXGroup;
			children = (
				0DE472D82AA776F0009E0E0C /* MapRouter.swift */,
				0DE472DA2AA77752009E0E0C /* NavigationRouterProtocol.swift */,
				0DE472E62AA779B3009E0E0C /* Coordinator.swift */,
			);
			path = Coordinator;
			sourceTree = "<group>";
		};
		0DE472D42AA77630009E0E0C /* Screens */ = {
			isa = PBXGroup;
			children = (
				0DE472EC2AAA2C13009E0E0C /* Onboarding */,
				0D5A863A2AB49E930052067E /* Login */,
				0DE472E02AA77891009E0E0C /* RegisterView.swift */,
				0DE472E22AA778E1009E0E0C /* MainView.swift */,
			);
			path = Screens;
			sourceTree = "<group>";
		};
		0DE472D52AA77640009E0E0C /* Views */ = {
			isa = PBXGroup;
			children = (
				0DE472F32AAA2E21009E0E0C /* OnboardingItemView.swift */,
				0D316B012AB0DFAB00C88966 /* TwoButtonView.swift */,
				0D5A861D2AB442140052067E /* TextHeaderAndTextFieldView.swift */,
				0D7858152ABCB14E00F78227 /* ButtonView.swift */,
				0DFA141C2ABD9B180007302C /* HorizontalTextAndButtonView.swift */,
			);
			path = Views;
			sourceTree = "<group>";
		};
		0DE472EB2AAA2C04009E0E0C /* Models */ = {
			isa = PBXGroup;
			children = (
				0DE472EF2AAA2C3F009E0E0C /* OnboardingModel.swift */,
				0D5A861F2AB442F10052067E /* TextFieldModel.swift */,
				0D5A86342AB48FAD0052067E /* LoginUIModel.swift */,
				0D5A86362AB492700052067E /* TwoButtonModel.swift */,
			);
			path = Models;
			sourceTree = "<group>";
		};
		0DE472EC2AAA2C13009E0E0C /* Onboarding */ = {
			isa = PBXGroup;
			children = (
				0DE472DC2AA77840009E0E0C /* OnboardingView.swift */,
			);
			path = Onboarding;
			sourceTree = "<group>";
		};
/* End PBXGroup section */

/* Begin PBXHeadersBuildPhase section */
		0D067D9F2AA6121E0077BCDA /* Headers */ = {
			isa = PBXHeadersBuildPhase;
			buildActionMask = 2147483647;
			files = (
				0D067DA92AA6121E0077BCDA /* PMUtilities.h in Headers */,
			);
			runOnlyForDeploymentPostprocessing = 0;
		};
		0DDE614C2AAB775B00F90E58 /* Headers */ = {
			isa = PBXHeadersBuildPhase;
			buildActionMask = 2147483647;
			files = (
				0DDE61562AAB775C00F90E58 /* PMModels.h in Headers */,
			);
			runOnlyForDeploymentPostprocessing = 0;
		};
		0DDE615E2AAB776D00F90E58 /* Headers */ = {
			isa = PBXHeadersBuildPhase;
			buildActionMask = 2147483647;
			files = (
				0DDE61682AAB776D00F90E58 /* PMViewModels.h in Headers */,
			);
			runOnlyForDeploymentPostprocessing = 0;
		};
/* End PBXHeadersBuildPhase section */

/* Begin PBXNativeTarget section */
		0D067D8D2AA610690077BCDA /* PostMediaAppSwiftUI */ = {
			isa = PBXNativeTarget;
			buildConfigurationList = 0D067D9C2AA6106B0077BCDA /* Build configuration list for PBXNativeTarget "PostMediaAppSwiftUI" */;
			buildPhases = (
				0D067D8A2AA610690077BCDA /* Sources */,
				0D067D8B2AA610690077BCDA /* Frameworks */,
				0D067D8C2AA610690077BCDA /* Resources */,
				0D067DB12AA6121E0077BCDA /* Embed Frameworks */,
			);
			buildRules = (
			);
			dependencies = (
				0D067DAB2AA6121E0077BCDA /* PBXTargetDependency */,
				0DDE61582AAB775C00F90E58 /* PBXTargetDependency */,
				0DDE616A2AAB776D00F90E58 /* PBXTargetDependency */,
			);
			name = PostMediaAppSwiftUI;
			packageProductDependencies = (
				0D400DDA2AA739D7001A30E9 /* FirebaseAnalytics */,
				0D400DDC2AA739D7001A30E9 /* FirebaseAnalyticsSwift */,
				0D400DDE2AA739D7001A30E9 /* FirebaseAnalyticsWithoutAdIdSupport */,
				0D400DE02AA739D7001A30E9 /* FirebaseAuth */,
				0D400DE22AA739D7001A30E9 /* FirebaseAuthCombine-Community */,
				0D400DE42AA739D7001A30E9 /* FirebaseCrashlytics */,
			);
			productName = PostMediaAppSwiftUI;
			productReference = 0D067D8E2AA610690077BCDA /* PostMediaAppSwiftUI.app */;
			productType = "com.apple.product-type.application";
		};
		0D067DA32AA6121E0077BCDA /* PMUtilities */ = {
			isa = PBXNativeTarget;
			buildConfigurationList = 0D067DAE2AA6121E0077BCDA /* Build configuration list for PBXNativeTarget "PMUtilities" */;
			buildPhases = (
				0D067D9F2AA6121E0077BCDA /* Headers */,
				0D067DA02AA6121E0077BCDA /* Sources */,
				0D067DA12AA6121E0077BCDA /* Frameworks */,
				0D067DA22AA6121E0077BCDA /* Resources */,
			);
			buildRules = (
			);
			dependencies = (
			);
			name = PMUtilities;
			productName = PMUtilities;
			productReference = 0D067DA42AA6121E0077BCDA /* PMUtilities.framework */;
			productType = "com.apple.product-type.framework";
		};
		0DDE61502AAB775B00F90E58 /* PMModels */ = {
			isa = PBXNativeTarget;
			buildConfigurationList = 0DDE615B2AAB775C00F90E58 /* Build configuration list for PBXNativeTarget "PMModels" */;
			buildPhases = (
				0DDE614C2AAB775B00F90E58 /* Headers */,
				0DDE614D2AAB775B00F90E58 /* Sources */,
				0DDE614E2AAB775B00F90E58 /* Frameworks */,
				0DDE614F2AAB775B00F90E58 /* Resources */,
			);
			buildRules = (
			);
			dependencies = (
			);
			name = PMModels;
			productName = PMModels;
			productReference = 0DDE61512AAB775B00F90E58 /* PMModels.framework */;
			productType = "com.apple.product-type.framework";
		};
		0DDE61622AAB776D00F90E58 /* PMViewModels */ = {
			isa = PBXNativeTarget;
			buildConfigurationList = 0DDE616D2AAB776D00F90E58 /* Build configuration list for PBXNativeTarget "PMViewModels" */;
			buildPhases = (
				0DDE615E2AAB776D00F90E58 /* Headers */,
				0DDE615F2AAB776D00F90E58 /* Sources */,
				0DDE61602AAB776D00F90E58 /* Frameworks */,
				0DDE61612AAB776D00F90E58 /* Resources */,
			);
			buildRules = (
			);
			dependencies = (
			);
			name = PMViewModels;
			productName = PMViewModels;
			productReference = 0DDE61632AAB776D00F90E58 /* PMViewModels.framework */;
			productType = "com.apple.product-type.framework";
		};
/* End PBXNativeTarget section */

/* Begin PBXProject section */
		0D067D862AA610690077BCDA /* Project object */ = {
			isa = PBXProject;
			attributes = {
				BuildIndependentTargetsInParallel = 1;
				LastSwiftUpdateCheck = 1430;
				LastUpgradeCheck = 1430;
				TargetAttributes = {
					0D067D8D2AA610690077BCDA = {
						CreatedOnToolsVersion = 14.3.1;
					};
					0D067DA32AA6121E0077BCDA = {
						CreatedOnToolsVersion = 14.3.1;
					};
					0DDE61502AAB775B00F90E58 = {
						CreatedOnToolsVersion = 14.3.1;
					};
					0DDE61622AAB776D00F90E58 = {
						CreatedOnToolsVersion = 14.3.1;
					};
				};
			};
			buildConfigurationList = 0D067D892AA610690077BCDA /* Build configuration list for PBXProject "PostMediaAppSwiftUI" */;
			compatibilityVersion = "Xcode 14.0";
			developmentRegion = en;
			hasScannedForEncodings = 0;
			knownRegions = (
				en,
				Base,
			);
			mainGroup = 0D067D852AA610690077BCDA;
			packageReferences = (
				0D400DD92AA739D7001A30E9 /* XCRemoteSwiftPackageReference "firebase-ios-sdk" */,
			);
			productRefGroup = 0D067D8F2AA610690077BCDA /* Products */;
			projectDirPath = "";
			projectRoot = "";
			targets = (
				0D067D8D2AA610690077BCDA /* PostMediaAppSwiftUI */,
				0D067DA32AA6121E0077BCDA /* PMUtilities */,
				0DDE61502AAB775B00F90E58 /* PMModels */,
				0DDE61622AAB776D00F90E58 /* PMViewModels */,
			);
		};
/* End PBXProject section */

/* Begin PBXResourcesBuildPhase section */
		0D067D8C2AA610690077BCDA /* Resources */ = {
			isa = PBXResourcesBuildPhase;
			buildActionMask = 2147483647;
			files = (
				0D067D992AA6106B0077BCDA /* Preview Assets.xcassets in Resources */,
				0D067D962AA6106B0077BCDA /* Assets.xcassets in Resources */,
				0D400DD72AA738A8001A30E9 /* GoogleService-Info.plist in Resources */,
			);
			runOnlyForDeploymentPostprocessing = 0;
		};
		0D067DA22AA6121E0077BCDA /* Resources */ = {
			isa = PBXResourcesBuildPhase;
			buildActionMask = 2147483647;
			files = (
			);
			runOnlyForDeploymentPostprocessing = 0;
		};
		0DDE614F2AAB775B00F90E58 /* Resources */ = {
			isa = PBXResourcesBuildPhase;
			buildActionMask = 2147483647;
			files = (
			);
			runOnlyForDeploymentPostprocessing = 0;
		};
		0DDE61612AAB776D00F90E58 /* Resources */ = {
			isa = PBXResourcesBuildPhase;
			buildActionMask = 2147483647;
			files = (
			);
			runOnlyForDeploymentPostprocessing = 0;
		};
/* End PBXResourcesBuildPhase section */

/* Begin PBXSourcesBuildPhase section */
		0D067D8A2AA610690077BCDA /* Sources */ = {
			isa = PBXSourcesBuildPhase;
			buildActionMask = 2147483647;
			files = (
				0D5A861E2AB442140052067E /* TextHeaderAndTextFieldView.swift in Sources */,
				0D63EFD62ABB513D00FD5C39 /* Color+Extension.swift in Sources */,
				0DE472DF2AA7786E009E0E0C /* LoginView.swift in Sources */,
				0DE472E32AA778E1009E0E0C /* MainView.swift in Sources */,
				0DE472E72AA779B3009E0E0C /* Coordinator.swift in Sources */,
				0D316B052AB1923D00C88966 /* ButtonTextModifier.swift in Sources */,
				0D400DE72AA73A19001A30E9 /* AppDelegate.swift in Sources */,
				0DFA141D2ABD9B180007302C /* HorizontalTextAndButtonView.swift in Sources */,
				0D316B022AB0DFAB00C88966 /* TwoButtonView.swift in Sources */,
				0DE472D92AA776F0009E0E0C /* MapRouter.swift in Sources */,
				0DE472E12AA77891009E0E0C /* RegisterView.swift in Sources */,
				0D63EFD42ABB506200FD5C39 /* Image+Extension.swift in Sources */,
				0DE472E92AA77A73009E0E0C /* SceneDelegate.swift in Sources */,
				0D067D922AA610690077BCDA /* PostMediaAppSwiftUIApp.swift in Sources */,
				0DE472DD2AA77840009E0E0C /* OnboardingView.swift in Sources */,
				0DE472DB2AA77752009E0E0C /* NavigationRouterProtocol.swift in Sources */,
				0D7458C22AAF175C00FB95DF /* Extension+View.swift in Sources */,
				0D7858162ABCB14E00F78227 /* ButtonView.swift in Sources */,
				0D5A86312AB468770052067E /* Font+Extension.swift in Sources */,
				0DE472F42AAA2E21009E0E0C /* OnboardingItemView.swift in Sources */,
			);
			runOnlyForDeploymentPostprocessing = 0;
		};
		0D067DA02AA6121E0077BCDA /* Sources */ = {
			isa = PBXSourcesBuildPhase;
			buildActionMask = 2147483647;
			files = (
				0D7458C72AB03DCC00FB95DF /* ImageNameType.swift in Sources */,
				0D5A86392AB493F60052067E /* AttributedText.swift in Sources */,
				0D316B072AB199EC00C88966 /* ButtonType.swift in Sources */,
				0D5A86222AB444630052067E /* TextFielType.swift in Sources */,
				0D5A86262AB444B40052067E /* ColorType.swift in Sources */,
				0DE472D72AA77675009E0E0C /* NavigationTranisitionStyle.swift in Sources */,
				0D067DB52AA615150077BCDA /* AppConfiguration.swift in Sources */,
				0DDE614B2AAB67B800F90E58 /* UserDefaultsKeys.swift in Sources */,
				0D316B002AB0A2F900C88966 /* AppConstats.swift in Sources */,
				0D067DB32AA612320077BCDA /* EndPoint.swift in Sources */,
				0D5A86242AB444980052067E /* MontserratFontType.swift in Sources */,
				0D067DA82AA6121E0077BCDA /* PMUtilities.docc in Sources */,
			);
			runOnlyForDeploymentPostprocessing = 0;
		};
		0DDE614D2AAB775B00F90E58 /* Sources */ = {
			isa = PBXSourcesBuildPhase;
			buildActionMask = 2147483647;
			files = (
				0D5A86202AB442F10052067E /* TextFieldModel.swift in Sources */,
				0D5A86352AB48FAD0052067E /* LoginUIModel.swift in Sources */,
				0D5A86372AB492700052067E /* TwoButtonModel.swift in Sources */,
				0DDE61702AAB778300F90E58 /* OnboardingModel.swift in Sources */,
				0DDE61552AAB775C00F90E58 /* PMModels.docc in Sources */,
			);
			runOnlyForDeploymentPostprocessing = 0;
		};
		0DDE615F2AAB776D00F90E58 /* Sources */ = {
			isa = PBXSourcesBuildPhase;
			buildActionMask = 2147483647;
			files = (
				0DDE61672AAB776D00F90E58 /* PMViewModels.docc in Sources */,
				0D7458CC2AB0401C00FB95DF /* OnboardingVM.swift in Sources */,
				0D5A86332AB48EFA0052067E /* LoginVM.swift in Sources */,
			);
			runOnlyForDeploymentPostprocessing = 0;
		};
/* End PBXSourcesBuildPhase section */

/* Begin PBXTargetDependency section */
		0D067DAB2AA6121E0077BCDA /* PBXTargetDependency */ = {
			isa = PBXTargetDependency;
			target = 0D067DA32AA6121E0077BCDA /* PMUtilities */;
			targetProxy = 0D067DAA2AA6121E0077BCDA /* PBXContainerItemProxy */;
		};
		0DDE61582AAB775C00F90E58 /* PBXTargetDependency */ = {
			isa = PBXTargetDependency;
			target = 0DDE61502AAB775B00F90E58 /* PMModels */;
			targetProxy = 0DDE61572AAB775C00F90E58 /* PBXContainerItemProxy */;
		};
		0DDE616A2AAB776D00F90E58 /* PBXTargetDependency */ = {
			isa = PBXTargetDependency;
			target = 0DDE61622AAB776D00F90E58 /* PMViewModels */;
			targetProxy = 0DDE61692AAB776D00F90E58 /* PBXContainerItemProxy */;
		};
/* End PBXTargetDependency section */

/* Begin XCBuildConfiguration section */
		0D067D9A2AA6106B0077BCDA /* Debug */ = {
			isa = XCBuildConfiguration;
			buildSettings = {
				ALWAYS_SEARCH_USER_PATHS = NO;
				CLANG_ANALYZER_NONNULL = YES;
				CLANG_ANALYZER_NUMBER_OBJECT_CONVERSION = YES_AGGRESSIVE;
				CLANG_CXX_LANGUAGE_STANDARD = "gnu++20";
				CLANG_ENABLE_MODULES = YES;
				CLANG_ENABLE_OBJC_ARC = YES;
				CLANG_ENABLE_OBJC_WEAK = YES;
				CLANG_WARN_BLOCK_CAPTURE_AUTORELEASING = YES;
				CLANG_WARN_BOOL_CONVERSION = YES;
				CLANG_WARN_COMMA = YES;
				CLANG_WARN_CONSTANT_CONVERSION = YES;
				CLANG_WARN_DEPRECATED_OBJC_IMPLEMENTATIONS = YES;
				CLANG_WARN_DIRECT_OBJC_ISA_USAGE = YES_ERROR;
				CLANG_WARN_DOCUMENTATION_COMMENTS = YES;
				CLANG_WARN_EMPTY_BODY = YES;
				CLANG_WARN_ENUM_CONVERSION = YES;
				CLANG_WARN_INFINITE_RECURSION = YES;
				CLANG_WARN_INT_CONVERSION = YES;
				CLANG_WARN_NON_LITERAL_NULL_CONVERSION = YES;
				CLANG_WARN_OBJC_IMPLICIT_RETAIN_SELF = YES;
				CLANG_WARN_OBJC_LITERAL_CONVERSION = YES;
				CLANG_WARN_OBJC_ROOT_CLASS = YES_ERROR;
				CLANG_WARN_QUOTED_INCLUDE_IN_FRAMEWORK_HEADER = YES;
				CLANG_WARN_RANGE_LOOP_ANALYSIS = YES;
				CLANG_WARN_STRICT_PROTOTYPES = YES;
				CLANG_WARN_SUSPICIOUS_MOVE = YES;
				CLANG_WARN_UNGUARDED_AVAILABILITY = YES_AGGRESSIVE;
				CLANG_WARN_UNREACHABLE_CODE = YES;
				CLANG_WARN__DUPLICATE_METHOD_MATCH = YES;
				COPY_PHASE_STRIP = NO;
				DEBUG_INFORMATION_FORMAT = dwarf;
				ENABLE_STRICT_OBJC_MSGSEND = YES;
				ENABLE_TESTABILITY = YES;
				GCC_C_LANGUAGE_STANDARD = gnu11;
				GCC_DYNAMIC_NO_PIC = NO;
				GCC_NO_COMMON_BLOCKS = YES;
				GCC_OPTIMIZATION_LEVEL = 0;
				GCC_PREPROCESSOR_DEFINITIONS = (
					"DEBUG=1",
					"$(inherited)",
				);
				GCC_WARN_64_TO_32_BIT_CONVERSION = YES;
				GCC_WARN_ABOUT_RETURN_TYPE = YES_ERROR;
				GCC_WARN_UNDECLARED_SELECTOR = YES;
				GCC_WARN_UNINITIALIZED_AUTOS = YES_AGGRESSIVE;
				GCC_WARN_UNUSED_FUNCTION = YES;
				GCC_WARN_UNUSED_VARIABLE = YES;
				IPHONEOS_DEPLOYMENT_TARGET = 16.4;
				MTL_ENABLE_DEBUG_INFO = INCLUDE_SOURCE;
				MTL_FAST_MATH = YES;
				ONLY_ACTIVE_ARCH = YES;
				SDKROOT = iphoneos;
				SWIFT_ACTIVE_COMPILATION_CONDITIONS = DEBUG;
				SWIFT_OPTIMIZATION_LEVEL = "-Onone";
			};
			name = Debug;
		};
		0D067D9B2AA6106B0077BCDA /* Release */ = {
			isa = XCBuildConfiguration;
			buildSettings = {
				ALWAYS_SEARCH_USER_PATHS = NO;
				CLANG_ANALYZER_NONNULL = YES;
				CLANG_ANALYZER_NUMBER_OBJECT_CONVERSION = YES_AGGRESSIVE;
				CLANG_CXX_LANGUAGE_STANDARD = "gnu++20";
				CLANG_ENABLE_MODULES = YES;
				CLANG_ENABLE_OBJC_ARC = YES;
				CLANG_ENABLE_OBJC_WEAK = YES;
				CLANG_WARN_BLOCK_CAPTURE_AUTORELEASING = YES;
				CLANG_WARN_BOOL_CONVERSION = YES;
				CLANG_WARN_COMMA = YES;
				CLANG_WARN_CONSTANT_CONVERSION = YES;
				CLANG_WARN_DEPRECATED_OBJC_IMPLEMENTATIONS = YES;
				CLANG_WARN_DIRECT_OBJC_ISA_USAGE = YES_ERROR;
				CLANG_WARN_DOCUMENTATION_COMMENTS = YES;
				CLANG_WARN_EMPTY_BODY = YES;
				CLANG_WARN_ENUM_CONVERSION = YES;
				CLANG_WARN_INFINITE_RECURSION = YES;
				CLANG_WARN_INT_CONVERSION = YES;
				CLANG_WARN_NON_LITERAL_NULL_CONVERSION = YES;
				CLANG_WARN_OBJC_IMPLICIT_RETAIN_SELF = YES;
				CLANG_WARN_OBJC_LITERAL_CONVERSION = YES;
				CLANG_WARN_OBJC_ROOT_CLASS = YES_ERROR;
				CLANG_WARN_QUOTED_INCLUDE_IN_FRAMEWORK_HEADER = YES;
				CLANG_WARN_RANGE_LOOP_ANALYSIS = YES;
				CLANG_WARN_STRICT_PROTOTYPES = YES;
				CLANG_WARN_SUSPICIOUS_MOVE = YES;
				CLANG_WARN_UNGUARDED_AVAILABILITY = YES_AGGRESSIVE;
				CLANG_WARN_UNREACHABLE_CODE = YES;
				CLANG_WARN__DUPLICATE_METHOD_MATCH = YES;
				COPY_PHASE_STRIP = NO;
				DEBUG_INFORMATION_FORMAT = "dwarf-with-dsym";
				ENABLE_NS_ASSERTIONS = NO;
				ENABLE_STRICT_OBJC_MSGSEND = YES;
				GCC_C_LANGUAGE_STANDARD = gnu11;
				GCC_NO_COMMON_BLOCKS = YES;
				GCC_WARN_64_TO_32_BIT_CONVERSION = YES;
				GCC_WARN_ABOUT_RETURN_TYPE = YES_ERROR;
				GCC_WARN_UNDECLARED_SELECTOR = YES;
				GCC_WARN_UNINITIALIZED_AUTOS = YES_AGGRESSIVE;
				GCC_WARN_UNUSED_FUNCTION = YES;
				GCC_WARN_UNUSED_VARIABLE = YES;
				IPHONEOS_DEPLOYMENT_TARGET = 16.4;
				MTL_ENABLE_DEBUG_INFO = NO;
				MTL_FAST_MATH = YES;
				SDKROOT = iphoneos;
				SWIFT_COMPILATION_MODE = wholemodule;
				SWIFT_OPTIMIZATION_LEVEL = "-O";
				VALIDATE_PRODUCT = YES;
			};
			name = Release;
		};
		0D067D9D2AA6106B0077BCDA /* Debug */ = {
			isa = XCBuildConfiguration;
			buildSettings = {
				ALWAYS_EMBED_SWIFT_STANDARD_LIBRARIES = YES;
				ASSETCATALOG_COMPILER_APPICON_NAME = AppIcon;
				ASSETCATALOG_COMPILER_GLOBAL_ACCENT_COLOR_NAME = AccentColor;
				CODE_SIGN_STYLE = Automatic;
				CURRENT_PROJECT_VERSION = 1;
				DEVELOPMENT_ASSET_PATHS = "\"PostMediaAppSwiftUI/Preview Content\"";
				DEVELOPMENT_TEAM = 6Z5CWU22LN;
				ENABLE_PREVIEWS = YES;
				GENERATE_INFOPLIST_FILE = YES;
				INFOPLIST_FILE = PostMediaAppSwiftUI/Info.plist;
				INFOPLIST_KEY_UIApplicationSceneManifest_Generation = YES;
				INFOPLIST_KEY_UIApplicationSupportsIndirectInputEvents = YES;
				INFOPLIST_KEY_UILaunchScreen_Generation = YES;
				INFOPLIST_KEY_UISupportedInterfaceOrientations_iPad = "UIInterfaceOrientationPortrait UIInterfaceOrientationPortraitUpsideDown UIInterfaceOrientationLandscapeLeft UIInterfaceOrientationLandscapeRight";
				INFOPLIST_KEY_UISupportedInterfaceOrientations_iPhone = "UIInterfaceOrientationPortrait UIInterfaceOrientationLandscapeLeft UIInterfaceOrientationLandscapeRight";
				LD_RUNPATH_SEARCH_PATHS = (
					"$(inherited)",
					"@executable_path/Frameworks",
				);
				MARKETING_VERSION = 1.0;
				PRODUCT_BUNDLE_IDENTIFIER = com.markov.PostMediaAppSwiftUI;
				PRODUCT_NAME = "$(TARGET_NAME)";
				SWIFT_EMIT_LOC_STRINGS = YES;
				SWIFT_VERSION = 5.0;
				TARGETED_DEVICE_FAMILY = "1,2";
			};
			name = Debug;
		};
		0D067D9E2AA6106B0077BCDA /* Release */ = {
			isa = XCBuildConfiguration;
			buildSettings = {
				ALWAYS_EMBED_SWIFT_STANDARD_LIBRARIES = YES;
				ASSETCATALOG_COMPILER_APPICON_NAME = AppIcon;
				ASSETCATALOG_COMPILER_GLOBAL_ACCENT_COLOR_NAME = AccentColor;
				CODE_SIGN_STYLE = Automatic;
				CURRENT_PROJECT_VERSION = 1;
				DEVELOPMENT_ASSET_PATHS = "\"PostMediaAppSwiftUI/Preview Content\"";
				DEVELOPMENT_TEAM = 6Z5CWU22LN;
				ENABLE_PREVIEWS = YES;
				GENERATE_INFOPLIST_FILE = YES;
				INFOPLIST_FILE = PostMediaAppSwiftUI/Info.plist;
				INFOPLIST_KEY_UIApplicationSceneManifest_Generation = YES;
				INFOPLIST_KEY_UIApplicationSupportsIndirectInputEvents = YES;
				INFOPLIST_KEY_UILaunchScreen_Generation = YES;
				INFOPLIST_KEY_UISupportedInterfaceOrientations_iPad = "UIInterfaceOrientationPortrait UIInterfaceOrientationPortraitUpsideDown UIInterfaceOrientationLandscapeLeft UIInterfaceOrientationLandscapeRight";
				INFOPLIST_KEY_UISupportedInterfaceOrientations_iPhone = "UIInterfaceOrientationPortrait UIInterfaceOrientationLandscapeLeft UIInterfaceOrientationLandscapeRight";
				LD_RUNPATH_SEARCH_PATHS = (
					"$(inherited)",
					"@executable_path/Frameworks",
				);
				MARKETING_VERSION = 1.0;
				PRODUCT_BUNDLE_IDENTIFIER = com.markov.PostMediaAppSwiftUI;
				PRODUCT_NAME = "$(TARGET_NAME)";
				SWIFT_EMIT_LOC_STRINGS = YES;
				SWIFT_VERSION = 5.0;
				TARGETED_DEVICE_FAMILY = "1,2";
			};
			name = Release;
		};
		0D067DAF2AA6121E0077BCDA /* Debug */ = {
			isa = XCBuildConfiguration;
			buildSettings = {
				CODE_SIGN_STYLE = Automatic;
				CURRENT_PROJECT_VERSION = 1;
				DEFINES_MODULE = YES;
				DEVELOPMENT_TEAM = 6Z5CWU22LN;
				DYLIB_COMPATIBILITY_VERSION = 1;
				DYLIB_CURRENT_VERSION = 1;
				DYLIB_INSTALL_NAME_BASE = "@rpath";
				ENABLE_MODULE_VERIFIER = YES;
				GENERATE_INFOPLIST_FILE = YES;
				INFOPLIST_KEY_NSHumanReadableCopyright = "";
				INSTALL_PATH = "$(LOCAL_LIBRARY_DIR)/Frameworks";
				LD_RUNPATH_SEARCH_PATHS = (
					"$(inherited)",
					"@executable_path/Frameworks",
					"@loader_path/Frameworks",
				);
				MARKETING_VERSION = 1.0;
				MODULE_VERIFIER_SUPPORTED_LANGUAGES = "objective-c objective-c++";
				MODULE_VERIFIER_SUPPORTED_LANGUAGE_STANDARDS = "gnu11 gnu++20";
				PRODUCT_BUNDLE_IDENTIFIER = com.markov.PMUtilities;
				PRODUCT_NAME = "$(TARGET_NAME:c99extidentifier)";
				SKIP_INSTALL = YES;
				SWIFT_EMIT_LOC_STRINGS = YES;
				SWIFT_VERSION = 5.0;
				TARGETED_DEVICE_FAMILY = "1,2";
				VERSIONING_SYSTEM = "apple-generic";
				VERSION_INFO_PREFIX = "";
			};
			name = Debug;
		};
		0D067DB02AA6121E0077BCDA /* Release */ = {
			isa = XCBuildConfiguration;
			buildSettings = {
				CODE_SIGN_STYLE = Automatic;
				CURRENT_PROJECT_VERSION = 1;
				DEFINES_MODULE = YES;
				DEVELOPMENT_TEAM = 6Z5CWU22LN;
				DYLIB_COMPATIBILITY_VERSION = 1;
				DYLIB_CURRENT_VERSION = 1;
				DYLIB_INSTALL_NAME_BASE = "@rpath";
				ENABLE_MODULE_VERIFIER = YES;
				GENERATE_INFOPLIST_FILE = YES;
				INFOPLIST_KEY_NSHumanReadableCopyright = "";
				INSTALL_PATH = "$(LOCAL_LIBRARY_DIR)/Frameworks";
				LD_RUNPATH_SEARCH_PATHS = (
					"$(inherited)",
					"@executable_path/Frameworks",
					"@loader_path/Frameworks",
				);
				MARKETING_VERSION = 1.0;
				MODULE_VERIFIER_SUPPORTED_LANGUAGES = "objective-c objective-c++";
				MODULE_VERIFIER_SUPPORTED_LANGUAGE_STANDARDS = "gnu11 gnu++20";
				PRODUCT_BUNDLE_IDENTIFIER = com.markov.PMUtilities;
				PRODUCT_NAME = "$(TARGET_NAME:c99extidentifier)";
				SKIP_INSTALL = YES;
				SWIFT_EMIT_LOC_STRINGS = YES;
				SWIFT_VERSION = 5.0;
				TARGETED_DEVICE_FAMILY = "1,2";
				VERSIONING_SYSTEM = "apple-generic";
				VERSION_INFO_PREFIX = "";
			};
			name = Release;
		};
		0DDE615C2AAB775C00F90E58 /* Debug */ = {
			isa = XCBuildConfiguration;
			buildSettings = {
				CODE_SIGN_STYLE = Automatic;
				CURRENT_PROJECT_VERSION = 1;
				DEFINES_MODULE = YES;
				DEVELOPMENT_TEAM = 6Z5CWU22LN;
				DYLIB_COMPATIBILITY_VERSION = 1;
				DYLIB_CURRENT_VERSION = 1;
				DYLIB_INSTALL_NAME_BASE = "@rpath";
				ENABLE_MODULE_VERIFIER = YES;
				GENERATE_INFOPLIST_FILE = YES;
				INFOPLIST_KEY_NSHumanReadableCopyright = "";
				INSTALL_PATH = "$(LOCAL_LIBRARY_DIR)/Frameworks";
				LD_RUNPATH_SEARCH_PATHS = (
					"$(inherited)",
					"@executable_path/Frameworks",
					"@loader_path/Frameworks",
				);
				MARKETING_VERSION = 1.0;
				MODULE_VERIFIER_SUPPORTED_LANGUAGES = "objective-c objective-c++";
				MODULE_VERIFIER_SUPPORTED_LANGUAGE_STANDARDS = "gnu11 gnu++20";
				PRODUCT_BUNDLE_IDENTIFIER = com.markov.PMModels;
				PRODUCT_NAME = "$(TARGET_NAME:c99extidentifier)";
				SKIP_INSTALL = YES;
				SWIFT_EMIT_LOC_STRINGS = YES;
				SWIFT_VERSION = 5.0;
				TARGETED_DEVICE_FAMILY = "1,2";
				VERSIONING_SYSTEM = "apple-generic";
				VERSION_INFO_PREFIX = "";
			};
			name = Debug;
		};
		0DDE615D2AAB775C00F90E58 /* Release */ = {
			isa = XCBuildConfiguration;
			buildSettings = {
				CODE_SIGN_STYLE = Automatic;
				CURRENT_PROJECT_VERSION = 1;
				DEFINES_MODULE = YES;
				DEVELOPMENT_TEAM = 6Z5CWU22LN;
				DYLIB_COMPATIBILITY_VERSION = 1;
				DYLIB_CURRENT_VERSION = 1;
				DYLIB_INSTALL_NAME_BASE = "@rpath";
				ENABLE_MODULE_VERIFIER = YES;
				GENERATE_INFOPLIST_FILE = YES;
				INFOPLIST_KEY_NSHumanReadableCopyright = "";
				INSTALL_PATH = "$(LOCAL_LIBRARY_DIR)/Frameworks";
				LD_RUNPATH_SEARCH_PATHS = (
					"$(inherited)",
					"@executable_path/Frameworks",
					"@loader_path/Frameworks",
				);
				MARKETING_VERSION = 1.0;
				MODULE_VERIFIER_SUPPORTED_LANGUAGES = "objective-c objective-c++";
				MODULE_VERIFIER_SUPPORTED_LANGUAGE_STANDARDS = "gnu11 gnu++20";
				PRODUCT_BUNDLE_IDENTIFIER = com.markov.PMModels;
				PRODUCT_NAME = "$(TARGET_NAME:c99extidentifier)";
				SKIP_INSTALL = YES;
				SWIFT_EMIT_LOC_STRINGS = YES;
				SWIFT_VERSION = 5.0;
				TARGETED_DEVICE_FAMILY = "1,2";
				VERSIONING_SYSTEM = "apple-generic";
				VERSION_INFO_PREFIX = "";
			};
			name = Release;
		};
		0DDE616E2AAB776D00F90E58 /* Debug */ = {
			isa = XCBuildConfiguration;
			buildSettings = {
				CODE_SIGN_STYLE = Automatic;
				CURRENT_PROJECT_VERSION = 1;
				DEFINES_MODULE = YES;
				DEVELOPMENT_TEAM = 6Z5CWU22LN;
				DYLIB_COMPATIBILITY_VERSION = 1;
				DYLIB_CURRENT_VERSION = 1;
				DYLIB_INSTALL_NAME_BASE = "@rpath";
				ENABLE_MODULE_VERIFIER = YES;
				GENERATE_INFOPLIST_FILE = YES;
				INFOPLIST_KEY_NSHumanReadableCopyright = "";
				INSTALL_PATH = "$(LOCAL_LIBRARY_DIR)/Frameworks";
				LD_RUNPATH_SEARCH_PATHS = (
					"$(inherited)",
					"@executable_path/Frameworks",
					"@loader_path/Frameworks",
				);
				MARKETING_VERSION = 1.0;
				MODULE_VERIFIER_SUPPORTED_LANGUAGES = "objective-c objective-c++";
				MODULE_VERIFIER_SUPPORTED_LANGUAGE_STANDARDS = "gnu11 gnu++20";
				PRODUCT_BUNDLE_IDENTIFIER = com.markov.PMViewModels;
				PRODUCT_NAME = "$(TARGET_NAME:c99extidentifier)";
				SKIP_INSTALL = YES;
				SWIFT_EMIT_LOC_STRINGS = YES;
				SWIFT_VERSION = 5.0;
				TARGETED_DEVICE_FAMILY = "1,2";
				VERSIONING_SYSTEM = "apple-generic";
				VERSION_INFO_PREFIX = "";
			};
			name = Debug;
		};
		0DDE616F2AAB776D00F90E58 /* Release */ = {
			isa = XCBuildConfiguration;
			buildSettings = {
				CODE_SIGN_STYLE = Automatic;
				CURRENT_PROJECT_VERSION = 1;
				DEFINES_MODULE = YES;
				DEVELOPMENT_TEAM = 6Z5CWU22LN;
				DYLIB_COMPATIBILITY_VERSION = 1;
				DYLIB_CURRENT_VERSION = 1;
				DYLIB_INSTALL_NAME_BASE = "@rpath";
				ENABLE_MODULE_VERIFIER = YES;
				GENERATE_INFOPLIST_FILE = YES;
				INFOPLIST_KEY_NSHumanReadableCopyright = "";
				INSTALL_PATH = "$(LOCAL_LIBRARY_DIR)/Frameworks";
				LD_RUNPATH_SEARCH_PATHS = (
					"$(inherited)",
					"@executable_path/Frameworks",
					"@loader_path/Frameworks",
				);
				MARKETING_VERSION = 1.0;
				MODULE_VERIFIER_SUPPORTED_LANGUAGES = "objective-c objective-c++";
				MODULE_VERIFIER_SUPPORTED_LANGUAGE_STANDARDS = "gnu11 gnu++20";
				PRODUCT_BUNDLE_IDENTIFIER = com.markov.PMViewModels;
				PRODUCT_NAME = "$(TARGET_NAME:c99extidentifier)";
				SKIP_INSTALL = YES;
				SWIFT_EMIT_LOC_STRINGS = YES;
				SWIFT_VERSION = 5.0;
				TARGETED_DEVICE_FAMILY = "1,2";
				VERSIONING_SYSTEM = "apple-generic";
				VERSION_INFO_PREFIX = "";
			};
			name = Release;
		};
/* End XCBuildConfiguration section */

/* Begin XCConfigurationList section */
		0D067D892AA610690077BCDA /* Build configuration list for PBXProject "PostMediaAppSwiftUI" */ = {
			isa = XCConfigurationList;
			buildConfigurations = (
				0D067D9A2AA6106B0077BCDA /* Debug */,
				0D067D9B2AA6106B0077BCDA /* Release */,
			);
			defaultConfigurationIsVisible = 0;
			defaultConfigurationName = Release;
		};
		0D067D9C2AA6106B0077BCDA /* Build configuration list for PBXNativeTarget "PostMediaAppSwiftUI" */ = {
			isa = XCConfigurationList;
			buildConfigurations = (
				0D067D9D2AA6106B0077BCDA /* Debug */,
				0D067D9E2AA6106B0077BCDA /* Release */,
			);
			defaultConfigurationIsVisible = 0;
			defaultConfigurationName = Release;
		};
		0D067DAE2AA6121E0077BCDA /* Build configuration list for PBXNativeTarget "PMUtilities" */ = {
			isa = XCConfigurationList;
			buildConfigurations = (
				0D067DAF2AA6121E0077BCDA /* Debug */,
				0D067DB02AA6121E0077BCDA /* Release */,
			);
			defaultConfigurationIsVisible = 0;
			defaultConfigurationName = Release;
		};
		0DDE615B2AAB775C00F90E58 /* Build configuration list for PBXNativeTarget "PMModels" */ = {
			isa = XCConfigurationList;
			buildConfigurations = (
				0DDE615C2AAB775C00F90E58 /* Debug */,
				0DDE615D2AAB775C00F90E58 /* Release */,
			);
			defaultConfigurationIsVisible = 0;
			defaultConfigurationName = Release;
		};
		0DDE616D2AAB776D00F90E58 /* Build configuration list for PBXNativeTarget "PMViewModels" */ = {
			isa = XCConfigurationList;
			buildConfigurations = (
				0DDE616E2AAB776D00F90E58 /* Debug */,
				0DDE616F2AAB776D00F90E58 /* Release */,
			);
			defaultConfigurationIsVisible = 0;
			defaultConfigurationName = Release;
		};
/* End XCConfigurationList section */

/* Begin XCRemoteSwiftPackageReference section */
		0D400DD92AA739D7001A30E9 /* XCRemoteSwiftPackageReference "firebase-ios-sdk" */ = {
			isa = XCRemoteSwiftPackageReference;
			repositoryURL = "https://github.com/firebase/firebase-ios-sdk";
			requirement = {
				kind = upToNextMajorVersion;
				minimumVersion = 10.0.0;
			};
		};
/* End XCRemoteSwiftPackageReference section */

/* Begin XCSwiftPackageProductDependency section */
		0D400DDA2AA739D7001A30E9 /* FirebaseAnalytics */ = {
			isa = XCSwiftPackageProductDependency;
			package = 0D400DD92AA739D7001A30E9 /* XCRemoteSwiftPackageReference "firebase-ios-sdk" */;
			productName = FirebaseAnalytics;
		};
		0D400DDC2AA739D7001A30E9 /* FirebaseAnalyticsSwift */ = {
			isa = XCSwiftPackageProductDependency;
			package = 0D400DD92AA739D7001A30E9 /* XCRemoteSwiftPackageReference "firebase-ios-sdk" */;
			productName = FirebaseAnalyticsSwift;
		};
		0D400DDE2AA739D7001A30E9 /* FirebaseAnalyticsWithoutAdIdSupport */ = {
			isa = XCSwiftPackageProductDependency;
			package = 0D400DD92AA739D7001A30E9 /* XCRemoteSwiftPackageReference "firebase-ios-sdk" */;
			productName = FirebaseAnalyticsWithoutAdIdSupport;
		};
		0D400DE02AA739D7001A30E9 /* FirebaseAuth */ = {
			isa = XCSwiftPackageProductDependency;
			package = 0D400DD92AA739D7001A30E9 /* XCRemoteSwiftPackageReference "firebase-ios-sdk" */;
			productName = FirebaseAuth;
		};
		0D400DE22AA739D7001A30E9 /* FirebaseAuthCombine-Community */ = {
			isa = XCSwiftPackageProductDependency;
			package = 0D400DD92AA739D7001A30E9 /* XCRemoteSwiftPackageReference "firebase-ios-sdk" */;
			productName = "FirebaseAuthCombine-Community";
		};
		0D400DE42AA739D7001A30E9 /* FirebaseCrashlytics */ = {
			isa = XCSwiftPackageProductDependency;
			package = 0D400DD92AA739D7001A30E9 /* XCRemoteSwiftPackageReference "firebase-ios-sdk" */;
			productName = FirebaseCrashlytics;
		};
/* End XCSwiftPackageProductDependency section */
	};
	rootObject = 0D067D862AA610690077BCDA /* Project object */;
}
